
Microsoft Visual Studio Solution File, Format Version 12.00
# Visual Studio 15
VisualStudioVersion = 15.0.27703.2047
MinimumVisualStudioVersion = 10.0.40219.1
Project("{9A19103F-16F7-4668-BE54-9A1E7A4F7556}") = "CookBook.WEB", "CookBook.WEB\CookBook.WEB.csproj", "{4014D879-975B-48D3-895F-F79DDF2E3BF0}"
EndProject
Project("{FAE04EC0-301F-11D3-BF4B-00C04F79EFBC}") = "CookBook.Console", "CookBook.Console\CookBook.Console.csproj", "{968636B5-7E45-4992-9C85-A2CC6E51A4AD}"
EndProject
Project("{FAE04EC0-301F-11D3-BF4B-00C04F79EFBC}") = "CookBook.BLL", "CookBook.BLL\CookBook.BLL.csproj", "{C0044C31-6072-4AA5-A254-DCF6303F44FB}"
EndProject
Project("{FAE04EC0-301F-11D3-BF4B-00C04F79EFBC}") = "CookBook.DAL", "CookBook.DAL\CookBook.DAL.csproj", "{44215A70-41AA-4D4D-AE8C-2F63B225260B}"
EndProject
Global
	GlobalSection(SolutionConfigurationPlatforms) = preSolution
		Debug|Any CPU = Debug|Any CPU
		Release|Any CPU = Release|Any CPU
	EndGlobalSection
	GlobalSection(ProjectConfigurationPlatforms) = postSolution
		{4014D879-975B-48D3-895F-F79DDF2E3BF0}.Debug|Any CPU.ActiveCfg = Debug|Any CPU
		{4014D879-975B-48D3-895F-F79DDF2E3BF0}.Debug|Any CPU.Build.0 = Debug|Any CPU
		{4014D879-975B-48D3-895F-F79DDF2E3BF0}.Release|Any CPU.ActiveCfg = Release|Any CPU
		{4014D879-975B-48D3-895F-F79DDF2E3BF0}.Release|Any CPU.Build.0 = Release|Any CPU
		{968636B5-7E45-4992-9C85-A2CC6E51A4AD}.Debug|Any CPU.ActiveCfg = Debug|Any CPU
		{968636B5-7E45-4992-9C85-A2CC6E51A4AD}.Debug|Any CPU.Build.0 = Debug|Any CPU
		{968636B5-7E45-4992-9C85-A2CC6E51A4AD}.Release|Any CPU.ActiveCfg = Release|Any CPU
		{968636B5-7E45-4992-9C85-A2CC6E51A4AD}.Release|Any CPU.Build.0 = Release|Any CPU
		{C0044C31-6072-4AA5-A254-DCF6303F44FB}.Debug|Any CPU.ActiveCfg = Debug|Any CPU
		{C0044C31-6072-4AA5-A254-DCF6303F44FB}.Debug|Any CPU.Build.0 = Debug|Any CPU
		{C0044C31-6072-4AA5-A254-DCF6303F44FB}.Release|Any CPU.ActiveCfg = Release|Any CPU
		{C0044C31-6072-4AA5-A254-DCF6303F44FB}.Release|Any CPU.Build.0 = Release|Any CPU
		{44215A70-41AA-4D4D-AE8C-2F63B225260B}.Debug|Any CPU.ActiveCfg = Debug|Any CPU
		{44215A70-41AA-4D4D-AE8C-2F63B225260B}.Debug|Any CPU.Build.0 = Debug|Any CPU
		{44215A70-41AA-4D4D-AE8C-2F63B225260B}.Release|Any CPU.ActiveCfg = Release|Any CPU
		{44215A70-41AA-4D4D-AE8C-2F63B225260B}.Release|Any CPU.Build.0 = Release|Any CPU
	EndGlobalSection
	GlobalSection(SolutionProperties) = preSolution
		HideSolutionNode = FALSE
	EndGlobalSection
	GlobalSection(ExtensibilityGlobals) = postSolution
		SolutionGuid = {094F9A4B-B99D-4195-B928-36266743E33B}
	EndGlobalSection
EndGlobal
